
Microsoft Visual Studio Solution File, Format Version 12.00
# Visual Studio Version 16
VisualStudioVersion = 16.0.30804.86
MinimumVisualStudioVersion = 10.0.40219.1
Project("{FAE04EC0-301F-11D3-BF4B-00C04F79EFBC}") = "WeaponIcon", "WeaponIcon\WeaponIcon.csproj", "{A769A06D-2A1B-4495-8977-4D14632988CA}"
EndProject
Global
	GlobalSection(SolutionConfigurationPlatforms) = preSolution
		Debug|Any CPU = Debug|Any CPU
		Release|Any CPU = Release|Any CPU
	EndGlobalSection
	GlobalSection(ProjectConfigurationPlatforms) = postSolution
		{A769A06D-2A1B-4495-8977-4D14632988CA}.Debug|Any CPU.ActiveCfg = Debug|Any CPU
		{A769A06D-2A1B-4495-8977-4D14632988CA}.Debug|Any CPU.Build.0 = Debug|Any CPU
		{A769A06D-2A1B-4495-8977-4D14632988CA}.Release|Any CPU.ActiveCfg = Release|Any CPU
		{A769A06D-2A1B-4495-8977-4D14632988CA}.Release|Any CPU.Build.0 = Release|Any CPU
	EndGlobalSection
	GlobalSection(SolutionProperties) = preSolution
		HideSolutionNode = FALSE
	EndGlobalSection
	GlobalSection(ExtensibilityGlobals) = postSolution
		SolutionGuid = {8286C231-40A1-49FE-B4C3-7830576C1523}
	EndGlobalSection
EndGlobal
